// !$*UTF8*$!
{
	archiveVersion = 1;
	classes = {
	};
	objectVersion = 55;
	objects = {

/* Begin PBXBuildFile section */
		9113CF7227C162C600CF8F35 /* BLEManager.swift in Sources */ = {isa = PBXBuildFile; fileRef = 9113CF7127C162C600CF8F35 /* BLEManager.swift */; };
		9157336D27A59EBE0094CB1C /* PSHR_v2App.swift in Sources */ = {isa = PBXBuildFile; fileRef = 9157336C27A59EBE0094CB1C /* PSHR_v2App.swift */; };
		9157336F27A59EBE0094CB1C /* ContentView.swift in Sources */ = {isa = PBXBuildFile; fileRef = 9157336E27A59EBE0094CB1C /* ContentView.swift */; };
		9157337127A59EC00094CB1C /* Assets.xcassets in Resources */ = {isa = PBXBuildFile; fileRef = 9157337027A59EC00094CB1C /* Assets.xcassets */; };
		9157337427A59EC00094CB1C /* Preview Assets.xcassets in Resources */ = {isa = PBXBuildFile; fileRef = 9157337327A59EC00094CB1C /* Preview Assets.xcassets */; };
		9157337E27A59EC00094CB1C /* PSHR_v2Tests.swift in Sources */ = {isa = PBXBuildFile; fileRef = 9157337D27A59EC00094CB1C /* PSHR_v2Tests.swift */; };
		9157338827A59EC00094CB1C /* PSHR_v2UITests.swift in Sources */ = {isa = PBXBuildFile; fileRef = 9157338727A59EC00094CB1C /* PSHR_v2UITests.swift */; };
		9157338A27A59EC00094CB1C /* PSHR_v2UITestsLaunchTests.swift in Sources */ = {isa = PBXBuildFile; fileRef = 9157338927A59EC00094CB1C /* PSHR_v2UITestsLaunchTests.swift */; };
/* End PBXBuildFile section */

/* Begin PBXContainerItemProxy section */
		9157337A27A59EC00094CB1C /* PBXContainerItemProxy */ = {
			isa = PBXContainerItemProxy;
			containerPortal = 9157336127A59EBE0094CB1C /* Project object */;
			proxyType = 1;
			remoteGlobalIDString = 9157336827A59EBE0094CB1C;
			remoteInfo = PSHR_v2;
		};
		9157338427A59EC00094CB1C /* PBXContainerItemProxy */ = {
			isa = PBXContainerItemProxy;
			containerPortal = 9157336127A59EBE0094CB1C /* Project object */;
			proxyType = 1;
			remoteGlobalIDString = 9157336827A59EBE0094CB1C;
			remoteInfo = PSHR_v2;
		};
/* End PBXContainerItemProxy section */

/* Begin PBXFileReference section */
		9113CF7127C162C600CF8F35 /* BLEManager.swift */ = {isa = PBXFileReference; lastKnownFileType = sourcecode.swift; path = BLEManager.swift; sourceTree = "<group>"; };
		9113CF7327C533B200CF8F35 /* PSHR-v2-Info.plist */ = {isa = PBXFileReference; lastKnownFileType = text.plist; path = "PSHR-v2-Info.plist"; sourceTree = SOURCE_ROOT; };
		9157336927A59EBE0094CB1C /* PSHR_v2.app */ = {isa = PBXFileReference; explicitFileType = wrapper.application; includeInIndex = 0; path = PSHR_v2.app; sourceTree = BUILT_PRODUCTS_DIR; };
		9157336C27A59EBE0094CB1C /* PSHR_v2App.swift */ = {isa = PBXFileReference; lastKnownFileType = sourcecode.swift; path = PSHR_v2App.swift; sourceTree = "<group>"; };
		9157336E27A59EBE0094CB1C /* ContentView.swift */ = {isa = PBXFileReference; lastKnownFileType = sourcecode.swift; path = ContentView.swift; sourceTree = "<group>"; };
		9157337027A59EC00094CB1C /* Assets.xcassets */ = {isa = PBXFileReference; lastKnownFileType = folder.assetcatalog; path = Assets.xcassets; sourceTree = "<group>"; };
		9157337327A59EC00094CB1C /* Preview Assets.xcassets */ = {isa = PBXFileReference; lastKnownFileType = folder.assetcatalog; path = "Preview Assets.xcassets"; sourceTree = "<group>"; };
		9157337927A59EC00094CB1C /* PSHR_v2Tests.xctest */ = {isa = PBXFileReference; explicitFileType = wrapper.cfbundle; includeInIndex = 0; path = PSHR_v2Tests.xctest; sourceTree = BUILT_PRODUCTS_DIR; };
		9157337D27A59EC00094CB1C /* PSHR_v2Tests.swift */ = {isa = PBXFileReference; lastKnownFileType = sourcecode.swift; path = PSHR_v2Tests.swift; sourceTree = "<group>"; };
		9157338327A59EC00094CB1C /* PSHR_v2UITests.xctest */ = {isa = PBXFileReference; explicitFileType = wrapper.cfbundle; includeInIndex = 0; path = PSHR_v2UITests.xctest; sourceTree = BUILT_PRODUCTS_DIR; };
		9157338727A59EC00094CB1C /* PSHR_v2UITests.swift */ = {isa = PBXFileReference; lastKnownFileType = sourcecode.swift; path = PSHR_v2UITests.swift; sourceTree = "<group>"; };
		9157338927A59EC00094CB1C /* PSHR_v2UITestsLaunchTests.swift */ = {isa = PBXFileReference; lastKnownFileType = sourcecode.swift; path = PSHR_v2UITestsLaunchTests.swift; sourceTree = "<group>"; };
/* End PBXFileReference section */

/* Begin PBXFrameworksBuildPhase section */
		9157336627A59EBE0094CB1C /* Frameworks */ = {
			isa = PBXFrameworksBuildPhase;
			buildActionMask = 2147483647;
			files = (
			);
			runOnlyForDeploymentPostprocessing = 0;
		};
		9157337627A59EC00094CB1C /* Frameworks */ = {
			isa = PBXFrameworksBuildPhase;
			buildActionMask = 2147483647;
			files = (
			);
			runOnlyForDeploymentPostprocessing = 0;
		};
		9157338027A59EC00094CB1C /* Frameworks */ = {
			isa = PBXFrameworksBuildPhase;
			buildActionMask = 2147483647;
			files = (
			);
			runOnlyForDeploymentPostprocessing = 0;
		};
/* End PBXFrameworksBuildPhase section */

/* Begin PBXGroup section */
		9157336027A59EBE0094CB1C = {
			isa = PBXGroup;
			children = (
				9157336B27A59EBE0094CB1C /* PSHR_v2 */,
				9157337C27A59EC00094CB1C /* PSHR_v2Tests */,
				9157338627A59EC00094CB1C /* PSHR_v2UITests */,
				9157336A27A59EBE0094CB1C /* Products */,
			);
			sourceTree = "<group>";
		};
		9157336A27A59EBE0094CB1C /* Products */ = {
			isa = PBXGroup;
			children = (
				9157336927A59EBE0094CB1C /* PSHR_v2.app */,
				9157337927A59EC00094CB1C /* PSHR_v2Tests.xctest */,
				9157338327A59EC00094CB1C /* PSHR_v2UITests.xctest */,
			);
			name = Products;
			sourceTree = "<group>";
		};
		9157336B27A59EBE0094CB1C /* PSHR_v2 */ = {
			isa = PBXGroup;
			children = (
				9113CF7327C533B200CF8F35 /* PSHR-v2-Info.plist */,
				9157336C27A59EBE0094CB1C /* PSHR_v2App.swift */,
				9157336E27A59EBE0094CB1C /* ContentView.swift */,
				9113CF7127C162C600CF8F35 /* BLEManager.swift */,
				9157337027A59EC00094CB1C /* Assets.xcassets */,
				9157337227A59EC00094CB1C /* Preview Content */,
			);
			path = PSHR_v2;
			sourceTree = "<group>";
		};
		9157337227A59EC00094CB1C /* Preview Content */ = {
			isa = PBXGroup;
			children = (
				9157337327A59EC00094CB1C /* Preview Assets.xcassets */,
			);
			path = "Preview Content";
			sourceTree = "<group>";
		};
		9157337C27A59EC00094CB1C /* PSHR_v2Tests */ = {
			isa = PBXGroup;
			children = (
				9157337D27A59EC00094CB1C /* PSHR_v2Tests.swift */,
			);
			path = PSHR_v2Tests;
			sourceTree = "<group>";
		};
		9157338627A59EC00094CB1C /* PSHR_v2UITests */ = {
			isa = PBXGroup;
			children = (
				9157338727A59EC00094CB1C /* PSHR_v2UITests.swift */,
				9157338927A59EC00094CB1C /* PSHR_v2UITestsLaunchTests.swift */,
			);
			path = PSHR_v2UITests;
			sourceTree = "<group>";
		};
/* End PBXGroup section */

/* Begin PBXNativeTarget section */
		9157336827A59EBE0094CB1C /* PSHR_v2 */ = {
			isa = PBXNativeTarget;
			buildConfigurationList = 9157338D27A59EC00094CB1C /* Build configuration list for PBXNativeTarget "PSHR_v2" */;
			buildPhases = (
				9157336527A59EBE0094CB1C /* Sources */,
				9157336627A59EBE0094CB1C /* Frameworks */,
				9157336727A59EBE0094CB1C /* Resources */,
			);
			buildRules = (
			);
			dependencies = (
			);
			name = PSHR_v2;
			productName = PSHR_v2;
			productReference = 9157336927A59EBE0094CB1C /* PSHR_v2.app */;
			productType = "com.apple.product-type.application";
		};
		9157337827A59EC00094CB1C /* PSHR_v2Tests */ = {
			isa = PBXNativeTarget;
			buildConfigurationList = 9157339027A59EC00094CB1C /* Build configuration list for PBXNativeTarget "PSHR_v2Tests" */;
			buildPhases = (
				9157337527A59EC00094CB1C /* Sources */,
				9157337627A59EC00094CB1C /* Frameworks */,
				9157337727A59EC00094CB1C /* Resources */,
			);
			buildRules = (
			);
			dependencies = (
				9157337B27A59EC00094CB1C /* PBXTargetDependency */,
			);
			name = PSHR_v2Tests;
			productName = PSHR_v2Tests;
			productReference = 9157337927A59EC00094CB1C /* PSHR_v2Tests.xctest */;
			productType = "com.apple.product-type.bundle.unit-test";
		};
		9157338227A59EC00094CB1C /* PSHR_v2UITests */ = {
			isa = PBXNativeTarget;
			buildConfigurationList = 9157339327A59EC00094CB1C /* Build configuration list for PBXNativeTarget "PSHR_v2UITests" */;
			buildPhases = (
				9157337F27A59EC00094CB1C /* Sources */,
				9157338027A59EC00094CB1C /* Frameworks */,
				9157338127A59EC00094CB1C /* Resources */,
			);
			buildRules = (
			);
			dependencies = (
				9157338527A59EC00094CB1C /* PBXTargetDependency */,
			);
			name = PSHR_v2UITests;
			productName = PSHR_v2UITests;
			productReference = 9157338327A59EC00094CB1C /* PSHR_v2UITests.xctest */;
			productType = "com.apple.product-type.bundle.ui-testing";
		};
/* End PBXNativeTarget section */

/* Begin PBXProject section */
		9157336127A59EBE0094CB1C /* Project object */ = {
			isa = PBXProject;
			attributes = {
				BuildIndependentTargetsInParallel = 1;
				LastSwiftUpdateCheck = 1320;
				LastUpgradeCheck = 1320;
				TargetAttributes = {
					9157336827A59EBE0094CB1C = {
						CreatedOnToolsVersion = 13.2.1;
					};
					9157337827A59EC00094CB1C = {
						CreatedOnToolsVersion = 13.2.1;
						TestTargetID = 9157336827A59EBE0094CB1C;
					};
					9157338227A59EC00094CB1C = {
						CreatedOnToolsVersion = 13.2.1;
						TestTargetID = 9157336827A59EBE0094CB1C;
					};
				};
			};
			buildConfigurationList = 9157336427A59EBE0094CB1C /* Build configuration list for PBXProject "PSHR_v2" */;
			compatibilityVersion = "Xcode 13.0";
			developmentRegion = en;
			hasScannedForEncodings = 0;
			knownRegions = (
				en,
				Base,
			);
			mainGroup = 9157336027A59EBE0094CB1C;
			productRefGroup = 9157336A27A59EBE0094CB1C /* Products */;
			projectDirPath = "";
			projectRoot = "";
			targets = (
				9157336827A59EBE0094CB1C /* PSHR_v2 */,
				9157337827A59EC00094CB1C /* PSHR_v2Tests */,
				9157338227A59EC00094CB1C /* PSHR_v2UITests */,
			);
		};
/* End PBXProject section */

/* Begin PBXResourcesBuildPhase section */
		9157336727A59EBE0094CB1C /* Resources */ = {
			isa = PBXResourcesBuildPhase;
			buildActionMask = 2147483647;
			files = (
				9157337427A59EC00094CB1C /* Preview Assets.xcassets in Resources */,
				9157337127A59EC00094CB1C /* Assets.xcassets in Resources */,
			);
			runOnlyForDeploymentPostprocessing = 0;
		};
		9157337727A59EC00094CB1C /* Resources */ = {
			isa = PBXResourcesBuildPhase;
			buildActionMask = 2147483647;
			files = (
			);
			runOnlyForDeploymentPostprocessing = 0;
		};
		9157338127A59EC00094CB1C /* Resources */ = {
			isa = PBXResourcesBuildPhase;
			buildActionMask = 2147483647;
			files = (
			);
			runOnlyForDeploymentPostprocessing = 0;
		};
/* End PBXResourcesBuildPhase section */

/* Begin PBXSourcesBuildPhase section */
		9157336527A59EBE0094CB1C /* Sources */ = {
			isa = PBXSourcesBuildPhase;
			buildActionMask = 2147483647;
			files = (
				9157336F27A59EBE0094CB1C /* ContentView.swift in Sources */,
				9113CF7227C162C600CF8F35 /* BLEManager.swift in Sources */,
				9157336D27A59EBE0094CB1C /* PSHR_v2App.swift in Sources */,
			);
			runOnlyForDeploymentPostprocessing = 0;
		};
		9157337527A59EC00094CB1C /* Sources */ = {
			isa = PBXSourcesBuildPhase;
			buildActionMask = 2147483647;
			files = (
				9157337E27A59EC00094CB1C /* PSHR_v2Tests.swift in Sources */,
			);
			runOnlyForDeploymentPostprocessing = 0;
		};
		9157337F27A59EC00094CB1C /* Sources */ = {
			isa = PBXSourcesBuildPhase;
			buildActionMask = 2147483647;
			files = (
				9157338827A59EC00094CB1C /* PSHR_v2UITests.swift in Sources */,
				9157338A27A59EC00094CB1C /* PSHR_v2UITestsLaunchTests.swift in Sources */,
			);
			runOnlyForDeploymentPostprocessing = 0;
		};
/* End PBXSourcesBuildPhase section */

/* Begin PBXTargetDependency section */
		9157337B27A59EC00094CB1C /* PBXTargetDependency */ = {
			isa = PBXTargetDependency;
			target = 9157336827A59EBE0094CB1C /* PSHR_v2 */;
			targetProxy = 9157337A27A59EC00094CB1C /* PBXContainerItemProxy */;
		};
		9157338527A59EC00094CB1C /* PBXTargetDependency */ = {
			isa = PBXTargetDependency;
			target = 9157336827A59EBE0094CB1C /* PSHR_v2 */;
			targetProxy = 9157338427A59EC00094CB1C /* PBXContainerItemProxy */;
		};
/* End PBXTargetDependency section */

/* Begin XCBuildConfiguration section */
		9157338B27A59EC00094CB1C /* Debug */ = {
			isa = XCBuildConfiguration;
			buildSettings = {
				ALWAYS_SEARCH_USER_PATHS = NO;
				CLANG_ANALYZER_NONNULL = YES;
				CLANG_ANALYZER_NUMBER_OBJECT_CONVERSION = YES_AGGRESSIVE;
				CLANG_CXX_LANGUAGE_STANDARD = "gnu++17";
				CLANG_CXX_LIBRARY = "libc++";
				CLANG_ENABLE_MODULES = YES;
				CLANG_ENABLE_OBJC_ARC = YES;
				CLANG_ENABLE_OBJC_WEAK = YES;
				CLANG_WARN_BLOCK_CAPTURE_AUTORELEASING = YES;
				CLANG_WARN_BOOL_CONVERSION = YES;
				CLANG_WARN_COMMA = YES;
				CLANG_WARN_CONSTANT_CONVERSION = YES;
				CLANG_WARN_DEPRECATED_OBJC_IMPLEMENTATIONS = YES;
				CLANG_WARN_DIRECT_OBJC_ISA_USAGE = YES_ERROR;
				CLANG_WARN_DOCUMENTATION_COMMENTS = YES;
				CLANG_WARN_EMPTY_BODY = YES;
				CLANG_WARN_ENUM_CONVERSION = YES;
				CLANG_WARN_INFINITE_RECURSION = YES;
				CLANG_WARN_INT_CONVERSION = YES;
				CLANG_WARN_NON_LITERAL_NULL_CONVERSION = YES;
				CLANG_WARN_OBJC_IMPLICIT_RETAIN_SELF = YES;
				CLANG_WARN_OBJC_LITERAL_CONVERSION = YES;
				CLANG_WARN_OBJC_ROOT_CLASS = YES_ERROR;
				CLANG_WARN_QUOTED_INCLUDE_IN_FRAMEWORK_HEADER = YES;
				CLANG_WARN_RANGE_LOOP_ANALYSIS = YES;
				CLANG_WARN_STRICT_PROTOTYPES = YES;
				CLANG_WARN_SUSPICIOUS_MOVE = YES;
				CLANG_WARN_UNGUARDED_AVAILABILITY = YES_AGGRESSIVE;
				CLANG_WARN_UNREACHABLE_CODE = YES;
				CLANG_WARN__DUPLICATE_METHOD_MATCH = YES;
				COPY_PHASE_STRIP = NO;
				DEBUG_INFORMATION_FORMAT = dwarf;
				ENABLE_STRICT_OBJC_MSGSEND = YES;
				ENABLE_TESTABILITY = YES;
				GCC_C_LANGUAGE_STANDARD = gnu11;
				GCC_DYNAMIC_NO_PIC = NO;
				GCC_NO_COMMON_BLOCKS = YES;
				GCC_OPTIMIZATION_LEVEL = 0;
				GCC_PREPROCESSOR_DEFINITIONS = (
					"DEBUG=1",
					"$(inherited)",
				);
				GCC_WARN_64_TO_32_BIT_CONVERSION = YES;
				GCC_WARN_ABOUT_RETURN_TYPE = YES_ERROR;
				GCC_WARN_UNDECLARED_SELECTOR = YES;
				GCC_WARN_UNINITIALIZED_AUTOS = YES_AGGRESSIVE;
				GCC_WARN_UNUSED_FUNCTION = YES;
				GCC_WARN_UNUSED_VARIABLE = YES;
				IPHONEOS_DEPLOYMENT_TARGET = 15.2;
				MTL_ENABLE_DEBUG_INFO = INCLUDE_SOURCE;
				MTL_FAST_MATH = YES;
				ONLY_ACTIVE_ARCH = YES;
				SDKROOT = iphoneos;
				SWIFT_ACTIVE_COMPILATION_CONDITIONS = DEBUG;
				SWIFT_OPTIMIZATION_LEVEL = "-Onone";
			};
			name = Debug;
		};
		9157338C27A59EC00094CB1C /* Release */ = {
			isa = XCBuildConfiguration;
			buildSettings = {
				ALWAYS_SEARCH_USER_PATHS = NO;
				CLANG_ANALYZER_NONNULL = YES;
				CLANG_ANALYZER_NUMBER_OBJECT_CONVERSION = YES_AGGRESSIVE;
				CLANG_CXX_LANGUAGE_STANDARD = "gnu++17";
				CLANG_CXX_LIBRARY = "libc++";
				CLANG_ENABLE_MODULES = YES;
				CLANG_ENABLE_OBJC_ARC = YES;
				CLANG_ENABLE_OBJC_WEAK = YES;
				CLANG_WARN_BLOCK_CAPTURE_AUTORELEASING = YES;
				CLANG_WARN_BOOL_CONVERSION = YES;
				CLANG_WARN_COMMA = YES;
				CLANG_WARN_CONSTANT_CONVERSION = YES;
				CLANG_WARN_DEPRECATED_OBJC_IMPLEMENTATIONS = YES;
				CLANG_WARN_DIRECT_OBJC_ISA_USAGE = YES_ERROR;
				CLANG_WARN_DOCUMENTATION_COMMENTS = YES;
				CLANG_WARN_EMPTY_BODY = YES;
				CLANG_WARN_ENUM_CONVERSION = YES;
				CLANG_WARN_INFINITE_RECURSION = YES;
				CLANG_WARN_INT_CONVERSION = YES;
				CLANG_WARN_NON_LITERAL_NULL_CONVERSION = YES;
				CLANG_WARN_OBJC_IMPLICIT_RETAIN_SELF = YES;
				CLANG_WARN_OBJC_LITERAL_CONVERSION = YES;
				CLANG_WARN_OBJC_ROOT_CLASS = YES_ERROR;
				CLANG_WARN_QUOTED_INCLUDE_IN_FRAMEWORK_HEADER = YES;
				CLANG_WARN_RANGE_LOOP_ANALYSIS = YES;
				CLANG_WARN_STRICT_PROTOTYPES = YES;
				CLANG_WARN_SUSPICIOUS_MOVE = YES;
				CLANG_WARN_UNGUARDED_AVAILABILITY = YES_AGGRESSIVE;
				CLANG_WARN_UNREACHABLE_CODE = YES;
				CLANG_WARN__DUPLICATE_METHOD_MATCH = YES;
				COPY_PHASE_STRIP = NO;
				DEBUG_INFORMATION_FORMAT = "dwarf-with-dsym";
				ENABLE_NS_ASSERTIONS = NO;
				ENABLE_STRICT_OBJC_MSGSEND = YES;
				GCC_C_LANGUAGE_STANDARD = gnu11;
				GCC_NO_COMMON_BLOCKS = YES;
				GCC_WARN_64_TO_32_BIT_CONVERSION = YES;
				GCC_WARN_ABOUT_RETURN_TYPE = YES_ERROR;
				GCC_WARN_UNDECLARED_SELECTOR = YES;
				GCC_WARN_UNINITIALIZED_AUTOS = YES_AGGRESSIVE;
				GCC_WARN_UNUSED_FUNCTION = YES;
				GCC_WARN_UNUSED_VARIABLE = YES;
				IPHONEOS_DEPLOYMENT_TARGET = 15.2;
				MTL_ENABLE_DEBUG_INFO = NO;
				MTL_FAST_MATH = YES;
				SDKROOT = iphoneos;
				SWIFT_COMPILATION_MODE = wholemodule;
				SWIFT_OPTIMIZATION_LEVEL = "-O";
				VALIDATE_PRODUCT = YES;
			};
			name = Release;
		};
		9157338E27A59EC00094CB1C /* Debug */ = {
			isa = XCBuildConfiguration;
			buildSettings = {
				ASSETCATALOG_COMPILER_APPICON_NAME = AppIcon;
				ASSETCATALOG_COMPILER_GLOBAL_ACCENT_COLOR_NAME = AccentColor;
				CODE_SIGN_STYLE = Automatic;
				CURRENT_PROJECT_VERSION = 1;
				DEVELOPMENT_ASSET_PATHS = "\"PSHR_v2/Preview Content\"";
				DEVELOPMENT_TEAM = 7T9789YLBV;
				ENABLE_PREVIEWS = YES;
				GENERATE_INFOPLIST_FILE = YES;
				INFOPLIST_FILE = "PSHR-v2-Info.plist";
				INFOPLIST_KEY_LSSupportsOpeningDocumentsInPlace = YES;
				INFOPLIST_KEY_UIApplicationSceneManifest_Generation = YES;
				INFOPLIST_KEY_UIApplicationSupportsIndirectInputEvents = YES;
				INFOPLIST_KEY_UILaunchScreen_Generation = YES;
				INFOPLIST_KEY_UISupportedInterfaceOrientations_iPad = "UIInterfaceOrientationPortrait UIInterfaceOrientationPortraitUpsideDown UIInterfaceOrientationLandscapeLeft UIInterfaceOrientationLandscapeRight";
				INFOPLIST_KEY_UISupportedInterfaceOrientations_iPhone = "UIInterfaceOrientationPortrait UIInterfaceOrientationLandscapeLeft UIInterfaceOrientationLandscapeRight";
				LD_RUNPATH_SEARCH_PATHS = (
					"$(inherited)",
					"@executable_path/Frameworks",
				);
				MARKETING_VERSION = 1.0;
				PRODUCT_BUNDLE_IDENTIFIER = "PSHR-v2.PSHR-v2";
				PRODUCT_NAME = "$(TARGET_NAME)";
				SWIFT_EMIT_LOC_STRINGS = YES;
				SWIFT_VERSION = 5.0;
				TARGETED_DEVICE_FAMILY = "1,2";
			};
			name = Debug;
		};
		9157338F27A59EC00094CB1C /* Release */ = {
			isa = XCBuildConfiguration;
			buildSettings = {
				ASSETCATALOG_COMPILER_APPICON_NAME = AppIcon;
				ASSETCATALOG_COMPILER_GLOBAL_ACCENT_COLOR_NAME = AccentColor;
				CODE_SIGN_STYLE = Automatic;
				CURRENT_PROJECT_VERSION = 1;
				DEVELOPMENT_ASSET_PATHS = "\"PSHR_v2/Preview Content\"";
				DEVELOPMENT_TEAM = 7T9789YLBV;
				ENABLE_PREVIEWS = YES;
				GENERATE_INFOPLIST_FILE = YES;
				INFOPLIST_FILE = "PSHR-v2-Info.plist";
				INFOPLIST_KEY_LSSupportsOpeningDocumentsInPlace = YES;
				INFOPLIST_KEY_UIApplicationSceneManifest_Generation = YES;
				INFOPLIST_KEY_UIApplicationSupportsIndirectInputEvents = YES;
				INFOPLIST_KEY_UILaunchScreen_Generation = YES;
				INFOPLIST_KEY_UISupportedInterfaceOrientations_iPad = "UIInterfaceOrientationPortrait UIInterfaceOrientationPortraitUpsideDown UIInterfaceOrientationLandscapeLeft UIInterfaceOrientationLandscapeRight";
				INFOPLIST_KEY_UISupportedInterfaceOrientations_iPhone = "UIInterfaceOrientationPortrait UIInterfaceOrientationLandscapeLeft UIInterfaceOrientationLandscapeRight";
				LD_RUNPATH_SEARCH_PATHS = (
					"$(inherited)",
					"@executable_path/Frameworks",
				);
				MARKETING_VERSION = 1.0;
				PRODUCT_BUNDLE_IDENTIFIER = "PSHR-v2.PSHR-v2";
				PRODUCT_NAME = "$(TARGET_NAME)";
				SWIFT_EMIT_LOC_STRINGS = YES;
				SWIFT_VERSION = 5.0;
				TARGETED_DEVICE_FAMILY = "1,2";
			};
			name = Release;
		};
		9157339127A59EC00094CB1C /* Debug */ = {
			isa = XCBuildConfiguration;
			buildSettings = {
				ALWAYS_EMBED_SWIFT_STANDARD_LIBRARIES = YES;
				BUNDLE_LOADER = "$(TEST_HOST)";
				CODE_SIGN_STYLE = Automatic;
				CURRENT_PROJECT_VERSION = 1;
				DEVELOPMENT_TEAM = 7T9789YLBV;
				GENERATE_INFOPLIST_FILE = YES;
				IPHONEOS_DEPLOYMENT_TARGET = 15.2;
				MARKETING_VERSION = 1.0;
				PRODUCT_BUNDLE_IDENTIFIER = "PSHR-v2.PSHR-v2Tests";
				PRODUCT_NAME = "$(TARGET_NAME)";
				SWIFT_EMIT_LOC_STRINGS = NO;
				SWIFT_VERSION = 5.0;
				TARGETED_DEVICE_FAMILY = "1,2";
				TEST_HOST = "$(BUILT_PRODUCTS_DIR)/PSHR_v2.app/PSHR_v2";
			};
			name = Debug;
		};
		9157339227A59EC00094CB1C /* Release */ = {
			isa = XCBuildConfiguration;
			buildSettings = {
				ALWAYS_EMBED_SWIFT_STANDARD_LIBRARIES = YES;
				BUNDLE_LOADER = "$(TEST_HOST)";
				CODE_SIGN_STYLE = Automatic;
				CURRENT_PROJECT_VERSION = 1;
				DEVELOPMENT_TEAM = 7T9789YLBV;
				GENERATE_INFOPLIST_FILE = YES;
				IPHONEOS_DEPLOYMENT_TARGET = 15.2;
				MARKETING_VERSION = 1.0;
				PRODUCT_BUNDLE_IDENTIFIER = "PSHR-v2.PSHR-v2Tests";
				PRODUCT_NAME = "$(TARGET_NAME)";
				SWIFT_EMIT_LOC_STRINGS = NO;
				SWIFT_VERSION = 5.0;
				TARGETED_DEVICE_FAMILY = "1,2";
				TEST_HOST = "$(BUILT_PRODUCTS_DIR)/PSHR_v2.app/PSHR_v2";
			};
			name = Release;
		};
		9157339427A59EC00094CB1C /* Debug */ = {
			isa = XCBuildConfiguration;
			buildSettings = {
				ALWAYS_EMBED_SWIFT_STANDARD_LIBRARIES = YES;
				CODE_SIGN_STYLE = Automatic;
				CURRENT_PROJECT_VERSION = 1;
				DEVELOPMENT_TEAM = 7T9789YLBV;
				GENERATE_INFOPLIST_FILE = YES;
				MARKETING_VERSION = 1.0;
				PRODUCT_BUNDLE_IDENTIFIER = "PSHR-v2.PSHR-v2UITests";
				PRODUCT_NAME = "$(TARGET_NAME)";
				SWIFT_EMIT_LOC_STRINGS = NO;
				SWIFT_VERSION = 5.0;
				TARGETED_DEVICE_FAMILY = "1,2";
				TEST_TARGET_NAME = PSHR_v2;
			};
			name = Debug;
		};
		9157339527A59EC00094CB1C /* Release */ = {
			isa = XCBuildConfiguration;
			buildSettings = {
				ALWAYS_EMBED_SWIFT_STANDARD_LIBRARIES = YES;
				CODE_SIGN_STYLE = Automatic;
				CURRENT_PROJECT_VERSION = 1;
				DEVELOPMENT_TEAM = 7T9789YLBV;
				GENERATE_INFOPLIST_FILE = YES;
				MARKETING_VERSION = 1.0;
				PRODUCT_BUNDLE_IDENTIFIER = "PSHR-v2.PSHR-v2UITests";
				PRODUCT_NAME = "$(TARGET_NAME)";
				SWIFT_EMIT_LOC_STRINGS = NO;
				SWIFT_VERSION = 5.0;
				TARGETED_DEVICE_FAMILY = "1,2";
				TEST_TARGET_NAME = PSHR_v2;
			};
			name = Release;
		};
/* End XCBuildConfiguration section */

/* Begin XCConfigurationList section */
		9157336427A59EBE0094CB1C /* Build configuration list for PBXProject "PSHR_v2" */ = {
			isa = XCConfigurationList;
			buildConfigurations = (
				9157338B27A59EC00094CB1C /* Debug */,
				9157338C27A59EC00094CB1C /* Release */,
			);
			defaultConfigurationIsVisible = 0;
			defaultConfigurationName = Release;
		};
		9157338D27A59EC00094CB1C /* Build configuration list for PBXNativeTarget "PSHR_v2" */ = {
			isa = XCConfigurationList;
			buildConfigurations = (
				9157338E27A59EC00094CB1C /* Debug */,
				9157338F27A59EC00094CB1C /* Release */,
			);
			defaultConfigurationIsVisible = 0;
			defaultConfigurationName = Release;
		};
		9157339027A59EC00094CB1C /* Build configuration list for PBXNativeTarget "PSHR_v2Tests" */ = {
			isa = XCConfigurationList;
			buildConfigurations = (
				9157339127A59EC00094CB1C /* Debug */,
				9157339227A59EC00094CB1C /* Release */,
			);
			defaultConfigurationIsVisible = 0;
			defaultConfigurationName = Release;
		};
		9157339327A59EC00094CB1C /* Build configuration list for PBXNativeTarget "PSHR_v2UITests" */ = {
			isa = XCConfigurationList;
			buildConfigurations = (
				9157339427A59EC00094CB1C /* Debug */,
				9157339527A59EC00094CB1C /* Release */,
			);
			defaultConfigurationIsVisible = 0;
			defaultConfigurationName = Release;
		};
/* End XCConfigurationList section */
	};
	rootObject = 9157336127A59EBE0094CB1C /* Project object */;
}
